{
  "name": "foxycolor",
  "version": "1.0.0",
  "lockfileVersion": 3,
  "requires": true,
  "packages": {
    "": {
      "name": "foxycolor",
      "version": "1.0.0",
      "license": "ISC",
      "dependencies": {
        "@cafeine-software/padcenter": "^1.0.2"
      }
    },
    "node_modules/@cafeine-software/padcenter": {
      "version": "1.0.2",
      "resolved": "https://registry.npmjs.org/@cafeine-software/padcenter/-/padcenter-1.0.2.tgz",
      "integrity": "sha512-gGFjAdw9si2CcJx8oIm1kzgGE9fCdDHAx8qS9oVLKp36kc6yb4yDRTE4dKFUkKqzvfNKUTtBqfaEDs1jw1+A/w==",
      "license": "CC_BY-SA 4.0"
    }
  }
}
